
Microsoft Visual Studio Solution File, Format Version 12.00
# Visual Studio 15
VisualStudioVersion = 15.0.27130.2027
MinimumVisualStudioVersion = 10.0.40219.1
Project("{FAE04EC0-301F-11D3-BF4B-00C04F79EFBC}") = "YHD.DART.CommLIB", "YHD.DART.CommLIB\YHD.DART.CommLIB.csproj", "{BED7C985-1902-4DC6-86F2-47F1D6347278}"
EndProject
Project("{FAE04EC0-301F-11D3-BF4B-00C04F79EFBC}") = "YHD.DART.NetworkLIB", "YHD.DART.NetworkLIB\YHD.DART.NetworkLIB.csproj", "{C450DE1A-417B-41B8-9113-DE96B4217EA6}"
EndProject
Project("{FAE04EC0-301F-11D3-BF4B-00C04F79EFBC}") = "YHD.DART.CameraLIB", "YHD.DART.CameraLIB\YHD.DART.CameraLIB.csproj", "{D753DED6-C9B0-4B12-8D8B-7F38018FF373}"
EndProject
Project("{FAE04EC0-301F-11D3-BF4B-00C04F79EFBC}") = "YHD.DART.WPFApp", "YHD.DART.WPFApp\YHD.DART.WPFApp.csproj", "{BA70D5DF-66B5-4C7D-B223-7CC7205F6315}"
EndProject
Project("{FAE04EC0-301F-11D3-BF4B-00C04F79EFBC}") = "YHD.DART.Resources", "YHD.DART.Resources\YHD.DART.Resources.csproj", "{16E2FDE4-836F-4E8E-8515-1CD8B7B3022A}"
EndProject
Global
	GlobalSection(SolutionConfigurationPlatforms) = preSolution
		Debug|Any CPU = Debug|Any CPU
		Release|Any CPU = Release|Any CPU
	EndGlobalSection
	GlobalSection(ProjectConfigurationPlatforms) = postSolution
		{BED7C985-1902-4DC6-86F2-47F1D6347278}.Debug|Any CPU.ActiveCfg = Debug|Any CPU
		{BED7C985-1902-4DC6-86F2-47F1D6347278}.Debug|Any CPU.Build.0 = Debug|Any CPU
		{BED7C985-1902-4DC6-86F2-47F1D6347278}.Release|Any CPU.ActiveCfg = Release|Any CPU
		{BED7C985-1902-4DC6-86F2-47F1D6347278}.Release|Any CPU.Build.0 = Release|Any CPU
		{C450DE1A-417B-41B8-9113-DE96B4217EA6}.Debug|Any CPU.ActiveCfg = Debug|Any CPU
		{C450DE1A-417B-41B8-9113-DE96B4217EA6}.Debug|Any CPU.Build.0 = Debug|Any CPU
		{C450DE1A-417B-41B8-9113-DE96B4217EA6}.Release|Any CPU.ActiveCfg = Release|Any CPU
		{C450DE1A-417B-41B8-9113-DE96B4217EA6}.Release|Any CPU.Build.0 = Release|Any CPU
		{D753DED6-C9B0-4B12-8D8B-7F38018FF373}.Debug|Any CPU.ActiveCfg = Debug|Any CPU
		{D753DED6-C9B0-4B12-8D8B-7F38018FF373}.Debug|Any CPU.Build.0 = Debug|Any CPU
		{D753DED6-C9B0-4B12-8D8B-7F38018FF373}.Release|Any CPU.ActiveCfg = Release|Any CPU
		{D753DED6-C9B0-4B12-8D8B-7F38018FF373}.Release|Any CPU.Build.0 = Release|Any CPU
		{BA70D5DF-66B5-4C7D-B223-7CC7205F6315}.Debug|Any CPU.ActiveCfg = Debug|Any CPU
		{BA70D5DF-66B5-4C7D-B223-7CC7205F6315}.Debug|Any CPU.Build.0 = Debug|Any CPU
		{BA70D5DF-66B5-4C7D-B223-7CC7205F6315}.Release|Any CPU.ActiveCfg = Release|Any CPU
		{BA70D5DF-66B5-4C7D-B223-7CC7205F6315}.Release|Any CPU.Build.0 = Release|Any CPU
		{16E2FDE4-836F-4E8E-8515-1CD8B7B3022A}.Debug|Any CPU.ActiveCfg = Debug|Any CPU
		{16E2FDE4-836F-4E8E-8515-1CD8B7B3022A}.Debug|Any CPU.Build.0 = Debug|Any CPU
		{16E2FDE4-836F-4E8E-8515-1CD8B7B3022A}.Release|Any CPU.ActiveCfg = Release|Any CPU
		{16E2FDE4-836F-4E8E-8515-1CD8B7B3022A}.Release|Any CPU.Build.0 = Release|Any CPU
	EndGlobalSection
	GlobalSection(SolutionProperties) = preSolution
		HideSolutionNode = FALSE
	EndGlobalSection
	GlobalSection(ExtensibilityGlobals) = postSolution
		SolutionGuid = {F3F0245A-50A0-4434-86FB-97BEF5149049}
	EndGlobalSection
EndGlobal
